// !$*UTF8*$!
{
	archiveVersion = 1;
	classes = {
	};
	objectVersion = 46;
	objects = {

/* Begin PBXBuildFile section */
		2975B7A31957CCEF00A97156 /* AppDelegate.swift in Sources */ = {isa = PBXBuildFile; fileRef = 2975B7A21957CCEF00A97156 /* AppDelegate.swift */; };
		2975B7A61957CCEF00A97156 /* CheapCorner.xcdatamodeld in Sources */ = {isa = PBXBuildFile; fileRef = 2975B7A41957CCEF00A97156 /* CheapCorner.xcdatamodeld */; };
		2975B7A81957CCEF00A97156 /* ViewController.swift in Sources */ = {isa = PBXBuildFile; fileRef = 2975B7A71957CCEF00A97156 /* ViewController.swift */; };
		2975B7AB1957CCEF00A97156 /* Main.storyboard in Resources */ = {isa = PBXBuildFile; fileRef = 2975B7A91957CCEF00A97156 /* Main.storyboard */; };
		2975B7AD1957CCEF00A97156 /* Images.xcassets in Resources */ = {isa = PBXBuildFile; fileRef = 2975B7AC1957CCEF00A97156 /* Images.xcassets */; };
		2975B7B91957CCEF00A97156 /* CheapCornerTests.swift in Sources */ = {isa = PBXBuildFile; fileRef = 2975B7B81957CCEF00A97156 /* CheapCornerTests.swift */; };
/* End PBXBuildFile section */

/* Begin PBXContainerItemProxy section */
		2975B7B31957CCEF00A97156 /* PBXContainerItemProxy */ = {
			isa = PBXContainerItemProxy;
			containerPortal = 2975B7951957CCEF00A97156 /* Project object */;
			proxyType = 1;
			remoteGlobalIDString = 2975B79C1957CCEF00A97156;
			remoteInfo = CheapCorner;
		};
/* End PBXContainerItemProxy section */

/* Begin PBXFileReference section */
		2975B79D1957CCEF00A97156 /* CheapCorner.app */ = {isa = PBXFileReference; explicitFileType = wrapper.application; includeInIndex = 0; path = CheapCorner.app; sourceTree = BUILT_PRODUCTS_DIR; };
		2975B7A11957CCEF00A97156 /* Info.plist */ = {isa = PBXFileReference; lastKnownFileType = text.plist.xml; path = Info.plist; sourceTree = "<group>"; };
		2975B7A21957CCEF00A97156 /* AppDelegate.swift */ = {isa = PBXFileReference; lastKnownFileType = sourcecode.swift; path = AppDelegate.swift; sourceTree = "<group>"; };
		2975B7A51957CCEF00A97156 /* CheapCorner.xcdatamodel */ = {isa = PBXFileReference; lastKnownFileType = wrapper.xcdatamodel; path = CheapCorner.xcdatamodel; sourceTree = "<group>"; };
		2975B7A71957CCEF00A97156 /* ViewController.swift */ = {isa = PBXFileReference; lastKnownFileType = sourcecode.swift; path = ViewController.swift; sourceTree = "<group>"; };
		2975B7AA1957CCEF00A97156 /* Base */ = {isa = PBXFileReference; lastKnownFileType = file.storyboard; name = Base; path = Base.lproj/Main.storyboard; sourceTree = "<group>"; };
		2975B7AC1957CCEF00A97156 /* Images.xcassets */ = {isa = PBXFileReference; lastKnownFileType = folder.assetcatalog; path = Images.xcassets; sourceTree = "<group>"; };
		2975B7B21957CCEF00A97156 /* CheapCornerTests.xctest */ = {isa = PBXFileReference; explicitFileType = wrapper.cfbundle; includeInIndex = 0; path = CheapCornerTests.xctest; sourceTree = BUILT_PRODUCTS_DIR; };
		2975B7B71957CCEF00A97156 /* Info.plist */ = {isa = PBXFileReference; lastKnownFileType = text.plist.xml; path = Info.plist; sourceTree = "<group>"; };
		2975B7B81957CCEF00A97156 /* CheapCornerTests.swift */ = {isa = PBXFileReference; lastKnownFileType = sourcecode.swift; path = CheapCornerTests.swift; sourceTree = "<group>"; };
/* End PBXFileReference section */

/* Begin PBXFrameworksBuildPhase section */
		2975B79A1957CCEF00A97156 /* Frameworks */ = {
			isa = PBXFrameworksBuildPhase;
			buildActionMask = 2147483647;
			files = (
			);
			runOnlyForDeploymentPostprocessing = 0;
		};
		2975B7AF1957CCEF00A97156 /* Frameworks */ = {
			isa = PBXFrameworksBuildPhase;
			buildActionMask = 2147483647;
			files = (
			);
			runOnlyForDeploymentPostprocessing = 0;
		};
/* End PBXFrameworksBuildPhase section */

/* Begin PBXGroup section */
		2975B7941957CCEF00A97156 = {
			isa = PBXGroup;
			children = (
				2975B79F1957CCEF00A97156 /* CheapCorner */,
				2975B7B51957CCEF00A97156 /* CheapCornerTests */,
				2975B79E1957CCEF00A97156 /* Products */,
			);
			sourceTree = "<group>";
		};
		2975B79E1957CCEF00A97156 /* Products */ = {
			isa = PBXGroup;
			children = (
				2975B79D1957CCEF00A97156 /* CheapCorner.app */,
				2975B7B21957CCEF00A97156 /* CheapCornerTests.xctest */,
			);
			name = Products;
			sourceTree = "<group>";
		};
		2975B79F1957CCEF00A97156 /* CheapCorner */ = {
			isa = PBXGroup;
			children = (
				2975B7A21957CCEF00A97156 /* AppDelegate.swift */,
				2975B7A71957CCEF00A97156 /* ViewController.swift */,
				2975B7A91957CCEF00A97156 /* Main.storyboard */,
				2975B7AC1957CCEF00A97156 /* Images.xcassets */,
				2975B7A41957CCEF00A97156 /* CheapCorner.xcdatamodeld */,
				2975B7A01957CCEF00A97156 /* Supporting Files */,
			);
			path = CheapCorner;
			sourceTree = "<group>";
		};
		2975B7A01957CCEF00A97156 /* Supporting Files */ = {
			isa = PBXGroup;
			children = (
				2975B7A11957CCEF00A97156 /* Info.plist */,
			);
			name = "Supporting Files";
			sourceTree = "<group>";
		};
		2975B7B51957CCEF00A97156 /* CheapCornerTests */ = {
			isa = PBXGroup;
			children = (
				2975B7B81957CCEF00A97156 /* CheapCornerTests.swift */,
				2975B7B61957CCEF00A97156 /* Supporting Files */,
			);
			path = CheapCornerTests;
			sourceTree = "<group>";
		};
		2975B7B61957CCEF00A97156 /* Supporting Files */ = {
			isa = PBXGroup;
			children = (
				2975B7B71957CCEF00A97156 /* Info.plist */,
			);
			name = "Supporting Files";
			sourceTree = "<group>";
		};
/* End PBXGroup section */

/* Begin PBXNativeTarget section */
		2975B79C1957CCEF00A97156 /* CheapCorner */ = {
			isa = PBXNativeTarget;
			buildConfigurationList = 2975B7BC1957CCEF00A97156 /* Build configuration list for PBXNativeTarget "CheapCorner" */;
			buildPhases = (
				2975B7991957CCEF00A97156 /* Sources */,
				2975B79A1957CCEF00A97156 /* Frameworks */,
				2975B79B1957CCEF00A97156 /* Resources */,
			);
			buildRules = (
			);
			dependencies = (
			);
			name = CheapCorner;
			productName = CheapCorner;
			productReference = 2975B79D1957CCEF00A97156 /* CheapCorner.app */;
			productType = "com.apple.product-type.application";
		};
		2975B7B11957CCEF00A97156 /* CheapCornerTests */ = {
			isa = PBXNativeTarget;
			buildConfigurationList = 2975B7BF1957CCEF00A97156 /* Build configuration list for PBXNativeTarget "CheapCornerTests" */;
			buildPhases = (
				2975B7AE1957CCEF00A97156 /* Sources */,
				2975B7AF1957CCEF00A97156 /* Frameworks */,
				2975B7B01957CCEF00A97156 /* Resources */,
			);
			buildRules = (
			);
			dependencies = (
				2975B7B41957CCEF00A97156 /* PBXTargetDependency */,
			);
			name = CheapCornerTests;
			productName = CheapCornerTests;
			productReference = 2975B7B21957CCEF00A97156 /* CheapCornerTests.xctest */;
			productType = "com.apple.product-type.bundle.unit-test";
		};
/* End PBXNativeTarget section */

/* Begin PBXProject section */
		2975B7951957CCEF00A97156 /* Project object */ = {
			isa = PBXProject;
			attributes = {
				LastUpgradeCheck = 0600;
				ORGANIZATIONNAME = "Shawn Campbell";
				TargetAttributes = {
					2975B79C1957CCEF00A97156 = {
						CreatedOnToolsVersion = 6.0;
					};
					2975B7B11957CCEF00A97156 = {
						CreatedOnToolsVersion = 6.0;
						TestTargetID = 2975B79C1957CCEF00A97156;
					};
				};
			};
			buildConfigurationList = 2975B7981957CCEF00A97156 /* Build configuration list for PBXProject "CheapCorner" */;
			compatibilityVersion = "Xcode 3.2";
			developmentRegion = English;
			hasScannedForEncodings = 0;
			knownRegions = (
				en,
				Base,
			);
			mainGroup = 2975B7941957CCEF00A97156;
			productRefGroup = 2975B79E1957CCEF00A97156 /* Products */;
			projectDirPath = "";
			projectRoot = "";
			targets = (
				2975B79C1957CCEF00A97156 /* CheapCorner */,
				2975B7B11957CCEF00A97156 /* CheapCornerTests */,
			);
		};
/* End PBXProject section */

/* Begin PBXResourcesBuildPhase section */
		2975B79B1957CCEF00A97156 /* Resources */ = {
			isa = PBXResourcesBuildPhase;
			buildActionMask = 2147483647;
			files = (
				2975B7AB1957CCEF00A97156 /* Main.storyboard in Resources */,
				2975B7AD1957CCEF00A97156 /* Images.xcassets in Resources */,
			);
			runOnlyForDeploymentPostprocessing = 0;
		};
		2975B7B01957CCEF00A97156 /* Resources */ = {
			isa = PBXResourcesBuildPhase;
			buildActionMask = 2147483647;
			files = (
			);
			runOnlyForDeploymentPostprocessing = 0;
		};
/* End PBXResourcesBuildPhase section */

/* Begin PBXSourcesBuildPhase section */
		2975B7991957CCEF00A97156 /* Sources */ = {
			isa = PBXSourcesBuildPhase;
			buildActionMask = 2147483647;
			files = (
				2975B7A81957CCEF00A97156 /* ViewController.swift in Sources */,
				2975B7A61957CCEF00A97156 /* CheapCorner.xcdatamodeld in Sources */,
				2975B7A31957CCEF00A97156 /* AppDelegate.swift in Sources */,
			);
			runOnlyForDeploymentPostprocessing = 0;
		};
		2975B7AE1957CCEF00A97156 /* Sources */ = {
			isa = PBXSourcesBuildPhase;
			buildActionMask = 2147483647;
			files = (
				2975B7B91957CCEF00A97156 /* CheapCornerTests.swift in Sources */,
			);
			runOnlyForDeploymentPostprocessing = 0;
		};
/* End PBXSourcesBuildPhase section */

/* Begin PBXTargetDependency section */
		2975B7B41957CCEF00A97156 /* PBXTargetDependency */ = {
			isa = PBXTargetDependency;
			target = 2975B79C1957CCEF00A97156 /* CheapCorner */;
			targetProxy = 2975B7B31957CCEF00A97156 /* PBXContainerItemProxy */;
		};
/* End PBXTargetDependency section */

/* Begin PBXVariantGroup section */
		2975B7A91957CCEF00A97156 /* Main.storyboard */ = {
			isa = PBXVariantGroup;
			children = (
				2975B7AA1957CCEF00A97156 /* Base */,
			);
			name = Main.storyboard;
			sourceTree = "<group>";
		};
/* End PBXVariantGroup section */

/* Begin XCBuildConfiguration section */
		2975B7BA1957CCEF00A97156 /* Debug */ = {
			isa = XCBuildConfiguration;
			buildSettings = {
				ALWAYS_SEARCH_USER_PATHS = NO;
				CLANG_CXX_LANGUAGE_STANDARD = "gnu++0x";
				CLANG_CXX_LIBRARY = "libc++";
				CLANG_ENABLE_MODULES = YES;
				CLANG_ENABLE_OBJC_ARC = YES;
				CLANG_WARN_BOOL_CONVERSION = YES;
				CLANG_WARN_CONSTANT_CONVERSION = YES;
				CLANG_WARN_DIRECT_OBJC_ISA_USAGE = YES_ERROR;
				CLANG_WARN_EMPTY_BODY = YES;
				CLANG_WARN_ENUM_CONVERSION = YES;
				CLANG_WARN_INT_CONVERSION = YES;
				CLANG_WARN_OBJC_ROOT_CLASS = YES_ERROR;
				CLANG_WARN_UNREACHABLE_CODE = YES;
				CLANG_WARN__DUPLICATE_METHOD_MATCH = YES;
				"CODE_SIGN_IDENTITY[sdk=iphoneos*]" = "iPhone Developer";
				COPY_PHASE_STRIP = NO;
				ENABLE_STRICT_OBJC_MSGSEND = YES;
				GCC_C_LANGUAGE_STANDARD = gnu99;
				GCC_DYNAMIC_NO_PIC = NO;
				GCC_OPTIMIZATION_LEVEL = 0;
				GCC_PREPROCESSOR_DEFINITIONS = (
					"DEBUG=1",
					"$(inherited)",
				);
				GCC_SYMBOLS_PRIVATE_EXTERN = NO;
				GCC_WARN_64_TO_32_BIT_CONVERSION = YES;
				GCC_WARN_ABOUT_RETURN_TYPE = YES_ERROR;
				GCC_WARN_UNDECLARED_SELECTOR = YES;
				GCC_WARN_UNINITIALIZED_AUTOS = YES_AGGRESSIVE;
				GCC_WARN_UNUSED_FUNCTION = YES;
				GCC_WARN_UNUSED_VARIABLE = YES;
				IPHONEOS_DEPLOYMENT_TARGET = 8.0;
				METAL_ENABLE_DEBUG_INFO = YES;
				ONLY_ACTIVE_ARCH = YES;
				SDKROOT = iphoneos;
				SWIFT_OPTIMIZATION_LEVEL = "-Onone";
				TARGETED_DEVICE_FAMILY = "1,2";
			};
			name = Debug;
		};
		2975B7BB1957CCEF00A97156 /* Release */ = {
			isa = XCBuildConfiguration;
			buildSettings = {
				ALWAYS_SEARCH_USER_PATHS = NO;
				CLANG_CXX_LANGUAGE_STANDARD = "gnu++0x";
				CLANG_CXX_LIBRARY = "libc++";
				CLANG_ENABLE_MODULES = YES;
				CLANG_ENABLE_OBJC_ARC = YES;
				CLANG_WARN_BOOL_CONVERSION = YES;
				CLANG_WARN_CONSTANT_CONVERSION = YES;
				CLANG_WARN_DIRECT_OBJC_ISA_USAGE = YES_ERROR;
				CLANG_WARN_EMPTY_BODY = YES;
				CLANG_WARN_ENUM_CONVERSION = YES;
				CLANG_WARN_INT_CONVERSION = YES;
				CLANG_WARN_OBJC_ROOT_CLASS = YES_ERROR;
				CLANG_WARN_UNREACHABLE_CODE = YES;
				CLANG_WARN__DUPLICATE_METHOD_MATCH = YES;
				"CODE_SIGN_IDENTITY[sdk=iphoneos*]" = "iPhone Developer";
				COPY_PHASE_STRIP = YES;
				ENABLE_NS_ASSERTIONS = NO;
				ENABLE_STRICT_OBJC_MSGSEND = YES;
				GCC_C_LANGUAGE_STANDARD = gnu99;
				GCC_WARN_64_TO_32_BIT_CONVERSION = YES;
				GCC_WARN_ABOUT_RETURN_TYPE = YES_ERROR;
				GCC_WARN_UNDECLARED_SELECTOR = YES;
				GCC_WARN_UNINITIALIZED_AUTOS = YES_AGGRESSIVE;
				GCC_WARN_UNUSED_FUNCTION = YES;
				GCC_WARN_UNUSED_VARIABLE = YES;
				IPHONEOS_DEPLOYMENT_TARGET = 8.0;
				METAL_ENABLE_DEBUG_INFO = NO;
				SDKROOT = iphoneos;
				TARGETED_DEVICE_FAMILY = "1,2";
				VALIDATE_PRODUCT = YES;
			};
			name = Release;
		};
		2975B7BD1957CCEF00A97156 /* Debug */ = {
			isa = XCBuildConfiguration;
			buildSettings = {
				ASSETCATALOG_COMPILER_APPICON_NAME = AppIcon;
				ASSETCATALOG_COMPILER_LAUNCHIMAGE_NAME = LaunchImage;
				INFOPLIST_FILE = CheapCorner/Info.plist;
				LD_RUNPATH_SEARCH_PATHS = "$(inherited) @executable_path/Frameworks";
				PRODUCT_NAME = "$(TARGET_NAME)";
			};
			name = Debug;
		};
		2975B7BE1957CCEF00A97156 /* Release */ = {
			isa = XCBuildConfiguration;
			buildSettings = {
				ASSETCATALOG_COMPILER_APPICON_NAME = AppIcon;
				ASSETCATALOG_COMPILER_LAUNCHIMAGE_NAME = LaunchImage;
				INFOPLIST_FILE = CheapCorner/Info.plist;
				LD_RUNPATH_SEARCH_PATHS = "$(inherited) @executable_path/Frameworks";
				PRODUCT_NAME = "$(TARGET_NAME)";
			};
			name = Release;
		};
		2975B7C01957CCEF00A97156 /* Debug */ = {
			isa = XCBuildConfiguration;
			buildSettings = {
				BUNDLE_LOADER = "$(BUILT_PRODUCTS_DIR)/CheapCorner.app/CheapCorner";
				FRAMEWORK_SEARCH_PATHS = (
					"$(SDKROOT)/Developer/Library/Frameworks",
					"$(inherited)",
				);
				GCC_PREPROCESSOR_DEFINITIONS = (
					"DEBUG=1",
					"$(inherited)",
				);
				INFOPLIST_FILE = CheapCornerTests/Info.plist;
				LD_RUNPATH_SEARCH_PATHS = "$(inherited) @executable_path/Frameworks @loader_path/Frameworks";
				METAL_ENABLE_DEBUG_INFO = YES;
				PRODUCT_NAME = "$(TARGET_NAME)";
				TEST_HOST = "$(BUNDLE_LOADER)";
			};
			name = Debug;
		};
		2975B7C11957CCEF00A97156 /* Release */ = {
			isa = XCBuildConfiguration;
			buildSettings = {
				BUNDLE_LOADER = "$(BUILT_PRODUCTS_DIR)/CheapCorner.app/CheapCorner";
				FRAMEWORK_SEARCH_PATHS = (
					"$(SDKROOT)/Developer/Library/Frameworks",
					"$(inherited)",
				);
				INFOPLIST_FILE = CheapCornerTests/Info.plist;
				LD_RUNPATH_SEARCH_PATHS = "$(inherited) @executable_path/Frameworks @loader_path/Frameworks";
				METAL_ENABLE_DEBUG_INFO = NO;
				PRODUCT_NAME = "$(TARGET_NAME)";
				TEST_HOST = "$(BUNDLE_LOADER)";
			};
			name = Release;
		};
/* End XCBuildConfiguration section */

/* Begin XCConfigurationList section */
		2975B7981957CCEF00A97156 /* Build configuration list for PBXProject "CheapCorner" */ = {
			isa = XCConfigurationList;
			buildConfigurations = (
				2975B7BA1957CCEF00A97156 /* Debug */,
				2975B7BB1957CCEF00A97156 /* Release */,
			);
			defaultConfigurationIsVisible = 0;
			defaultConfigurationName = Release;
		};
		2975B7BC1957CCEF00A97156 /* Build configuration list for PBXNativeTarget "CheapCorner" */ = {
			isa = XCConfigurationList;
			buildConfigurations = (
				2975B7BD1957CCEF00A97156 /* Debug */,
				2975B7BE1957CCEF00A97156 /* Release */,
			);
			defaultConfigurationIsVisible = 0;
		};
		2975B7BF1957CCEF00A97156 /* Build configuration list for PBXNativeTarget "CheapCornerTests" */ = {
			isa = XCConfigurationList;
			buildConfigurations = (
				2975B7C01957CCEF00A97156 /* Debug */,
				2975B7C11957CCEF00A97156 /* Release */,
			);
			defaultConfigurationIsVisible = 0;
		};
/* End XCConfigurationList section */

/* Begin XCVersionGroup section */
		2975B7A41957CCEF00A97156 /* CheapCorner.xcdatamodeld */ = {
			isa = XCVersionGroup;
			children = (
				2975B7A51957CCEF00A97156 /* CheapCorner.xcdatamodel */,
			);
			currentVersion = 2975B7A51957CCEF00A97156 /* CheapCorner.xcdatamodel */;
			path = CheapCorner.xcdatamodeld;
			sourceTree = "<group>";
			versionGroupType = wrapper.xcdatamodel;
		};
/* End XCVersionGroup section */
	};
	rootObject = 2975B7951957CCEF00A97156 /* Project object */;
}
